
Microsoft Visual Studio Solution File, Format Version 12.00
# Visual Studio Version 17
VisualStudioVersion = 17.4.33122.133
MinimumVisualStudioVersion = 10.0.40219.1
Project("{FAE04EC0-301F-11D3-BF4B-00C04F79EFBC}") = "TuHotelEnLinea", "TuHotelEnLinea\TuHotelEnLinea.csproj", "{4753710A-49F0-4A9D-B657-772B6888DB98}"
EndProject
Global
	GlobalSection(SolutionConfigurationPlatforms) = preSolution
		Debug|Any CPU = Debug|Any CPU
		Release|Any CPU = Release|Any CPU
	EndGlobalSection
	GlobalSection(ProjectConfigurationPlatforms) = postSolution
		{4753710A-49F0-4A9D-B657-772B6888DB98}.Debug|Any CPU.ActiveCfg = Debug|Any CPU
		{4753710A-49F0-4A9D-B657-772B6888DB98}.Debug|Any CPU.Build.0 = Debug|Any CPU
		{4753710A-49F0-4A9D-B657-772B6888DB98}.Release|Any CPU.ActiveCfg = Release|Any CPU
		{4753710A-49F0-4A9D-B657-772B6888DB98}.Release|Any CPU.Build.0 = Release|Any CPU
	EndGlobalSection
	GlobalSection(SolutionProperties) = preSolution
		HideSolutionNode = FALSE
	EndGlobalSection
	GlobalSection(ExtensibilityGlobals) = postSolution
		SolutionGuid = {50A7F902-F5E7-4B4B-A2FD-E6F46D657C91}
	EndGlobalSection
EndGlobal
